
Microsoft Visual Studio Solution File, Format Version 12.00
# Visual Studio Version 17
VisualStudioVersion = 17.5.33502.453
MinimumVisualStudioVersion = 10.0.40219.1
Project("{FAE04EC0-301F-11D3-BF4B-00C04F79EFBC}") = "Person", "Person\Person.csproj", "{07777DBC-EEF5-43A3-B307-827BB0771430}"
EndProject
Project("{FAE04EC0-301F-11D3-BF4B-00C04F79EFBC}") = "Family", "Family\Family.csproj", "{9F0C96CF-8450-4F25-931A-ACEC2A35C207}"
EndProject
Global
	GlobalSection(SolutionConfigurationPlatforms) = preSolution
		Debug|Any CPU = Debug|Any CPU
		Release|Any CPU = Release|Any CPU
	EndGlobalSection
	GlobalSection(ProjectConfigurationPlatforms) = postSolution
		{07777DBC-EEF5-43A3-B307-827BB0771430}.Debug|Any CPU.ActiveCfg = Debug|Any CPU
		{07777DBC-EEF5-43A3-B307-827BB0771430}.Debug|Any CPU.Build.0 = Debug|Any CPU
		{07777DBC-EEF5-43A3-B307-827BB0771430}.Release|Any CPU.ActiveCfg = Release|Any CPU
		{07777DBC-EEF5-43A3-B307-827BB0771430}.Release|Any CPU.Build.0 = Release|Any CPU
		{9F0C96CF-8450-4F25-931A-ACEC2A35C207}.Debug|Any CPU.ActiveCfg = Debug|Any CPU
		{9F0C96CF-8450-4F25-931A-ACEC2A35C207}.Debug|Any CPU.Build.0 = Debug|Any CPU
		{9F0C96CF-8450-4F25-931A-ACEC2A35C207}.Release|Any CPU.ActiveCfg = Release|Any CPU
		{9F0C96CF-8450-4F25-931A-ACEC2A35C207}.Release|Any CPU.Build.0 = Release|Any CPU
	EndGlobalSection
	GlobalSection(SolutionProperties) = preSolution
		HideSolutionNode = FALSE
	EndGlobalSection
	GlobalSection(ExtensibilityGlobals) = postSolution
		SolutionGuid = {7E0070F0-6496-4233-AFEE-29ABD5E2D361}
	EndGlobalSection
EndGlobal
